{
  "projects": [
    {
      "projectId": "58GpZjZCWTaJ8AUhpCwt2K",
      "version": "3.28.0",
      "dependencies": {},
      "lang": "ts",
      "fileLocks": [
        {
          "assetId": "58GpZjZCWTaJ8AUhpCwt2K",
          "type": "projectCss",
          "checksum": "f0469e206244772473ab64f50be898f9"
        }
      ],
      "codegenVersion": "0.0.1"
    },
    {
      "projectId": "sqPBLwEBBKHA2WDuGb17eV",
      "version": "2.3.0",
      "dependencies": {},
      "lang": "ts",
      "fileLocks": [
        {
          "type": "renderModule",
          "assetId": "5nirPCGmCnRD",
          "checksum": "68085e068ca6b23be62b4a95ce376560"
        },
        {
          "type": "cssRules",
          "assetId": "5nirPCGmCnRD",
          "checksum": "68085e068ca6b23be62b4a95ce376560"
        },
        {
          "type": "icon",
          "assetId": "Wyt3GMMsLefj",
          "checksum": "d2b1886763aa016780501d0c22f50b5e"
        },
        {
          "type": "icon",
          "assetId": "MbDRsJU0e3bw",
          "checksum": "92672aa6935120ebaac11939d8d127bb"
        },
        {
          "assetId": "sqPBLwEBBKHA2WDuGb17eV",
          "type": "projectCss",
          "checksum": "1c02168c6b23256606111fdfdbb63549"
        }
      ],
      "codegenVersion": "0.0.1"
    },
    {
      "projectId": "qo5fwZT3vwQ9RjjQNWCz9z",
      "version": "0.0.1",
      "dependencies": {},
      "lang": "ts",
      "fileLocks": [
        {
          "type": "globalVariant",
          "assetId": "UR2cNUf8n9zB",
          "checksum": "583508a9b5fb0bbed20c43ef3f152351"
        },
        {
          "assetId": "qo5fwZT3vwQ9RjjQNWCz9z",
          "type": "projectCss",
          "checksum": "c8e0ca7ff0588d1548cfb415bbf90251"
        },
        {
          "type": "renderModule",
          "assetId": "UrqY_XZuYhn2",
          "checksum": "0778ec4bf987aae0c67e1c869f72efd1"
        },
        {
          "type": "cssRules",
          "assetId": "UrqY_XZuYhn2",
          "checksum": "0778ec4bf987aae0c67e1c869f72efd1"
        },
        {
          "type": "renderModule",
          "assetId": "HtmgI6FLxY8D",
          "checksum": "544b105d667c5ef8b1467070e31541b6"
        },
        {
          "type": "cssRules",
          "assetId": "HtmgI6FLxY8D",
          "checksum": "544b105d667c5ef8b1467070e31541b6"
        },
        {
          "type": "icon",
          "assetId": "gHdrY9EQWnWc",
          "checksum": "a865a8fbf6643184a24e33b98619e399"
        },
        {
          "type": "icon",
          "assetId": "ixZ_jQZifzLu",
          "checksum": "3cd83dbe0fe21f0153160434760bf353"
        }
      ],
      "codegenVersion": "0.0.1"
    },
    {
      "projectId": "caTPwKxj5ZrD9LQ7DMdK4Z",
      "version": "3.40.0",
      "dependencies": {},
      "lang": "ts",
      "fileLocks": [
        {
          "assetId": "caTPwKxj5ZrD9LQ7DMdK4Z",
          "type": "projectCss",
          "checksum": "1c02168c6b23256606111fdfdbb63549"
        }
      ],
      "codegenVersion": "0.0.1"
    },
    {
      "projectId": "bE9NMB942w5e6uFrcCxfJN",
      "version": "latest",
      "dependencies": {
        "caTPwKxj5ZrD9LQ7DMdK4Z": "3.40.0",
        "qo5fwZT3vwQ9RjjQNWCz9z": "0.0.1",
        "sqPBLwEBBKHA2WDuGb17eV": "2.3.0",
        "58GpZjZCWTaJ8AUhpCwt2K": "3.28.0",
        "YUiM7yqBWAqsh8KSnrdj7": "0.33.0",
        "kS7YGZfVr6mU43XDQjXELc": "0.18.0",
        "ohDidvG9XsCeFumugENU3J": "6.28.0",
        "aEHVN5v6mfM4eovDsL8Z7d": "0.4.0",
        "kpio2pzukKRJkKg6SSrKTe": "0.2.0"
      },
      "lang": "ts",
      "fileLocks": [
        {
          "type": "globalVariant",
          "assetId": "b8yurXS4fhCE",
          "checksum": "8b20ed28c3243397d94b631cd524d566"
        },
        {
          "assetId": "bE9NMB942w5e6uFrcCxfJN",
          "checksum": "49d6fe272b43deab6c4da2ee068a8959",
          "type": "globalContexts"
        },
        {
          "type": "renderModule",
          "assetId": "LDPTNOmbf3qw",
          "checksum": "cd6410b0ddc915e7655e2e60a3a28963"
        },
        {
          "type": "cssRules",
          "assetId": "LDPTNOmbf3qw",
          "checksum": "cd6410b0ddc915e7655e2e60a3a28963"
        },
        {
          "type": "renderModule",
          "assetId": "gnuET5DaB7nZ",
          "checksum": "51e5682c5dad390adad6dbc447398cb4"
        },
        {
          "type": "cssRules",
          "assetId": "gnuET5DaB7nZ",
          "checksum": "51e5682c5dad390adad6dbc447398cb4"
        },
        {
          "type": "renderModule",
          "assetId": "--2NgNurn2Jg",
          "checksum": "9904c88acdf205f52f5e1933e5537c4e"
        },
        {
          "type": "cssRules",
          "assetId": "--2NgNurn2Jg",
          "checksum": "9904c88acdf205f52f5e1933e5537c4e"
        },
        {
          "type": "renderModule",
          "assetId": "cH6HwN-ss2es",
          "checksum": "ca7db4dddca2ad03e6e290a5a2188c9d"
        },
        {
          "type": "cssRules",
          "assetId": "cH6HwN-ss2es",
          "checksum": "ca7db4dddca2ad03e6e290a5a2188c9d"
        },
        {
          "type": "renderModule",
          "assetId": "MyB9Z6LW5k5y",
          "checksum": "9f3bd560e4055a719968c6442aeaead9"
        },
        {
          "type": "cssRules",
          "assetId": "MyB9Z6LW5k5y",
          "checksum": "9f3bd560e4055a719968c6442aeaead9"
        },
        {
          "type": "renderModule",
          "assetId": "07VZfuNk1JDL",
          "checksum": "14a9949f5d04a7393eb426d2e39ea876"
        },
        {
          "type": "cssRules",
          "assetId": "07VZfuNk1JDL",
          "checksum": "14a9949f5d04a7393eb426d2e39ea876"
        },
        {
          "type": "icon",
          "assetId": "VepSFu0Y3Pyk",
          "checksum": "90b3bc5da036c40421ddc0c303b8d64d"
        },
        {
          "type": "icon",
          "assetId": "CmW94FEF71d7",
          "checksum": "46f260fc1b008ee46873fee88389d4d2"
        },
        {
          "type": "icon",
          "assetId": "iYZxMqrkbIkm",
          "checksum": "391eb1b883d2b0a27fbb982348c69ce8"
        },
        {
          "type": "icon",
          "assetId": "dF9hk944lHvi",
          "checksum": "2e57ae0d9c149d509feb2641184d345b"
        },
        {
          "type": "icon",
          "assetId": "LIQmGMX0UEc0",
          "checksum": "8bc5a60f41831742e6080220e5e04f9d"
        },
        {
          "type": "icon",
          "assetId": "9cwvqG5olU4z",
          "checksum": "fb4463a89027d71fdf6fba3fe31acc0c"
        },
        {
          "type": "icon",
          "assetId": "RamIlmfTkjsZ",
          "checksum": "1ce6d82830040db075ee880cb974a51c"
        },
        {
          "type": "icon",
          "assetId": "FpWLFnL7lx5K",
          "checksum": "1ca5b149297c086e8a09e144faca77ef"
        },
        {
          "type": "icon",
          "assetId": "1XPNabWn6mUI",
          "checksum": "acdae3ba7dd3f187d935828895d893ea"
        },
        {
          "type": "icon",
          "assetId": "lYMiBDxqu5ly",
          "checksum": "1a2e9f3df9b1ffaeb78d4291daa75622"
        },
        {
          "type": "icon",
          "assetId": "ly5Yl8idG7m1",
          "checksum": "9ab20c422068366f8ad21aab449cc11d"
        },
        {
          "type": "icon",
          "assetId": "K32KEzM7rb5X",
          "checksum": "afee664d6aebfac60ad795c00b6ac5cf"
        },
        {
          "type": "icon",
          "assetId": "P7EoCkcSNwJa",
          "checksum": "f370171fbf88bc71acab083ce98c4a4f"
        },
        {
          "type": "icon",
          "assetId": "uNpsRe8HBlEO",
          "checksum": "9e197452e534ff924f9958e2520dba26"
        },
        {
          "type": "icon",
          "assetId": "SeV8a-Sb0Haa",
          "checksum": "8a0159b7edfa0e6a8415503fe7401df8"
        },
        {
          "type": "renderModule",
          "assetId": "95NoFP37q3yQ",
          "checksum": "03adb61a561092e8b4b0015fb2b97e5c"
        },
        {
          "type": "cssRules",
          "assetId": "95NoFP37q3yQ",
          "checksum": "03adb61a561092e8b4b0015fb2b97e5c"
        },
        {
          "type": "renderModule",
          "assetId": "KTPu1eZupEdG",
          "checksum": "3040f6d90c2e65860f274c54143a8782"
        },
        {
          "type": "cssRules",
          "assetId": "KTPu1eZupEdG",
          "checksum": "3040f6d90c2e65860f274c54143a8782"
        },
        {
          "type": "renderModule",
          "assetId": "-UcPqMSXVAGv",
          "checksum": "52caabc0c390cc0cddb477aefe5fb2d6"
        },
        {
          "type": "cssRules",
          "assetId": "-UcPqMSXVAGv",
          "checksum": "52caabc0c390cc0cddb477aefe5fb2d6"
        },
        {
          "type": "renderModule",
          "assetId": "73TqujunaOu5",
          "checksum": "8e5bba73c07cfed5b9b72677fa762ddb"
        },
        {
          "type": "cssRules",
          "assetId": "73TqujunaOu5",
          "checksum": "8e5bba73c07cfed5b9b72677fa762ddb"
        },
        {
          "type": "icon",
          "assetId": "tJKcseI-1vrI",
          "checksum": "810749d63dbb4c6728e8f592ca87758d"
        },
        {
          "type": "icon",
          "assetId": "rQsx35tf_bcf",
          "checksum": "7e05a7ec7f6ef10be1345a7ebc5e1796"
        },
        {
          "type": "icon",
          "assetId": "zU9ql4OiZyfC",
          "checksum": "7761f34d7088e9306535a273f18263a2"
        },
        {
          "type": "renderModule",
          "assetId": "YY41SIghQUgw",
          "checksum": "f0671c6e567e78d68e2b243dcb93bbda"
        },
        {
          "type": "cssRules",
          "assetId": "YY41SIghQUgw",
          "checksum": "f0671c6e567e78d68e2b243dcb93bbda"
        },
        {
          "type": "renderModule",
          "assetId": "nAbrCePpa8PZ",
          "checksum": "5e890a49a374ba757ba760ab9d8f24a9"
        },
        {
          "type": "cssRules",
          "assetId": "nAbrCePpa8PZ",
          "checksum": "5e890a49a374ba757ba760ab9d8f24a9"
        },
        {
          "type": "icon",
          "assetId": "t3gBl-ZhsAb2",
          "checksum": "f0973520ae4beadecffdd708a7934cf2"
        },
        {
          "type": "renderModule",
          "assetId": "IdTcu_EF7CVl",
          "checksum": "e88adee7130f473fb74c69344e06a6f9"
        },
        {
          "type": "cssRules",
          "assetId": "IdTcu_EF7CVl",
          "checksum": "e88adee7130f473fb74c69344e06a6f9"
        },
        {
          "type": "icon",
          "assetId": "1FObiVFN1kNa",
          "checksum": "47dca5900dec3ed5d96960ee1a94c980"
        },
        {
          "type": "renderModule",
          "assetId": "7ri-iU6uUwQF",
          "checksum": "9d071cd747aaaeebb72945ae5e6ff6cb"
        },
        {
          "type": "cssRules",
          "assetId": "7ri-iU6uUwQF",
          "checksum": "9d071cd747aaaeebb72945ae5e6ff6cb"
        },
        {
          "type": "renderModule",
          "assetId": "_T6T2fNvkUfo",
          "checksum": "306ab203e2387479f2033df107bf4db3"
        },
        {
          "type": "cssRules",
          "assetId": "_T6T2fNvkUfo",
          "checksum": "306ab203e2387479f2033df107bf4db3"
        },
        {
          "type": "icon",
          "assetId": "09kUgGvbipjq",
          "checksum": "b08c28819015d5936d1895d2813d6231"
        },
        {
          "type": "renderModule",
          "assetId": "ve2FygUyzJYe",
          "checksum": "b0f486de87d85434bdfcc4c80f245c95"
        },
        {
          "type": "cssRules",
          "assetId": "ve2FygUyzJYe",
          "checksum": "b0f486de87d85434bdfcc4c80f245c95"
        },
        {
          "type": "icon",
          "assetId": "B2THoaAEIn8y",
          "checksum": "f9f07ad26d08dd19d1cb0d1f0c12dcaf"
        },
        {
          "type": "renderModule",
          "assetId": "N2XFsVyv799E",
          "checksum": "c88c83d67a79d2d996697279baa410c1"
        },
        {
          "type": "cssRules",
          "assetId": "N2XFsVyv799E",
          "checksum": "c88c83d67a79d2d996697279baa410c1"
        },
        {
          "type": "image",
          "assetId": "8rIy3Z8cms8n",
          "checksum": "f05d2f8d51a33fc879a9b723e16a7348"
        },
        {
          "type": "renderModule",
          "assetId": "LnjnULqptihc",
          "checksum": "7bbb715cc48c8623c7176f6d86b7bab1"
        },
        {
          "type": "cssRules",
          "assetId": "LnjnULqptihc",
          "checksum": "7bbb715cc48c8623c7176f6d86b7bab1"
        },
        {
          "type": "renderModule",
          "assetId": "H16Cvh_Kg1CW",
          "checksum": "00c63987bdb64aed235758b2529e7a49"
        },
        {
          "type": "cssRules",
          "assetId": "H16Cvh_Kg1CW",
          "checksum": "00c63987bdb64aed235758b2529e7a49"
        },
        {
          "type": "icon",
          "assetId": "UuDHOUXMn1lI",
          "checksum": "5c7790d2df96c1b56f9065aad7b31cbe"
        },
        {
          "type": "icon",
          "assetId": "TGgY6td-PfjR",
          "checksum": "5a3f9a0b629a9ed09305526839377c26"
        },
        {
          "type": "icon",
          "assetId": "WZWdkuuTy9hb",
          "checksum": "ed0df5ad10fe28bf82b9b54e0ff42b59"
        },
        {
          "type": "renderModule",
          "assetId": "YGfSBi-EmSgY",
          "checksum": "a01cbd2043a3a9e2378a3fbc8768de0f"
        },
        {
          "type": "cssRules",
          "assetId": "YGfSBi-EmSgY",
          "checksum": "a01cbd2043a3a9e2378a3fbc8768de0f"
        },
        {
          "type": "icon",
          "assetId": "3P4kCztjZFA7",
          "checksum": "24385621b798aab5e9bb1841e58ca559"
        },
        {
          "type": "renderModule",
          "assetId": "hhjL63F0Jui4",
          "checksum": "7ca7f9d86ce748cc258ba563927965e4"
        },
        {
          "type": "cssRules",
          "assetId": "hhjL63F0Jui4",
          "checksum": "7ca7f9d86ce748cc258ba563927965e4"
        },
        {
          "type": "icon",
          "assetId": "AGSEC-pNDNUM",
          "checksum": "f312c327ec1c0371a275e90413f519e5"
        },
        {
          "type": "renderModule",
          "assetId": "S7QID4Zn_0WI",
          "checksum": "c3f18c2022ac46772a9031315deba456"
        },
        {
          "type": "cssRules",
          "assetId": "S7QID4Zn_0WI",
          "checksum": "c3f18c2022ac46772a9031315deba456"
        },
        {
          "type": "icon",
          "assetId": "1pURnLijkTh9",
          "checksum": "82f850cde67f836ff5d6a5aa8611bd26"
        },
        {
          "type": "icon",
          "assetId": "0E0-Td2sxrpd",
          "checksum": "cec60aa39fb89e93ec5dcf3481a36cbc"
        },
        {
          "type": "renderModule",
          "assetId": "ANnvdUMqEs3c",
          "checksum": "9f575a149663dcc3c5cc30192cc5be62"
        },
        {
          "type": "cssRules",
          "assetId": "ANnvdUMqEs3c",
          "checksum": "9f575a149663dcc3c5cc30192cc5be62"
        },
        {
          "type": "icon",
          "assetId": "7b-w8FIbuA3A",
          "checksum": "5ca6752125e6595a6c7e14f8c3f4913c"
        },
        {
          "type": "icon",
          "assetId": "KuhYrsUGl66d",
          "checksum": "665210c123990e5b98de5f589a052269"
        },
        {
          "type": "image",
          "assetId": "QnxgCqfwPnDr",
          "checksum": "662f366109f5237d1afe7ed7793f4233"
        },
        {
          "type": "image",
          "assetId": "C-gV90uoE2h8",
          "checksum": "f0296935d60ab5e786055c30af1381e8"
        },
        {
          "type": "image",
          "assetId": "WFTzjoUaEu4T",
          "checksum": "06ce575ee4251e0c260c33982fae1b9a"
        },
        {
          "type": "renderModule",
          "assetId": "ReIV2oHalt4i",
          "checksum": "00f102e31efaceec885347d133dfe6af"
        },
        {
          "type": "cssRules",
          "assetId": "ReIV2oHalt4i",
          "checksum": "00f102e31efaceec885347d133dfe6af"
        },
        {
          "type": "renderModule",
          "assetId": "Z-FbG4zvwWLi",
          "checksum": "a7c0ed468c2720bed9978c1b897242e0"
        },
        {
          "type": "cssRules",
          "assetId": "Z-FbG4zvwWLi",
          "checksum": "a7c0ed468c2720bed9978c1b897242e0"
        },
        {
          "type": "icon",
          "assetId": "8lcONCwJAEsj",
          "checksum": "2961e52e43536261b632490594cc4fb0"
        },
        {
          "type": "icon",
          "assetId": "0l8GqiEmlVdS",
          "checksum": "600100cc133340463e55fcc8a6bb95bb"
        },
        {
          "type": "icon",
          "assetId": "DA7lxrRNWpy_",
          "checksum": "69684c4ea471d768c5ced62406b27f29"
        },
        {
          "type": "renderModule",
          "assetId": "s-bU96RB6OEn",
          "checksum": "9169751fa119415a5f4280f4c3960525"
        },
        {
          "type": "cssRules",
          "assetId": "s-bU96RB6OEn",
          "checksum": "9169751fa119415a5f4280f4c3960525"
        },
        {
          "type": "renderModule",
          "assetId": "sC3KMwrCbbRF",
          "checksum": "30554e514795be9b61d0d2d747fafd82"
        },
        {
          "type": "cssRules",
          "assetId": "sC3KMwrCbbRF",
          "checksum": "30554e514795be9b61d0d2d747fafd82"
        },
        {
          "type": "renderModule",
          "assetId": "6oW4dozQm6Fz",
          "checksum": "173a8e8f5a010f955a1d6f7d9af975cd"
        },
        {
          "type": "cssRules",
          "assetId": "6oW4dozQm6Fz",
          "checksum": "173a8e8f5a010f955a1d6f7d9af975cd"
        },
        {
          "type": "renderModule",
          "assetId": "Lz0b_UNWfR91",
          "checksum": "5950767ec9af8907abc1e8f0b7fa474a"
        },
        {
          "type": "cssRules",
          "assetId": "Lz0b_UNWfR91",
          "checksum": "5950767ec9af8907abc1e8f0b7fa474a"
        },
        {
          "type": "renderModule",
          "assetId": "TuJx6gm0OTg5",
          "checksum": "575be6eb50ff1fbe9cff95abfa16a84d"
        },
        {
          "type": "cssRules",
          "assetId": "TuJx6gm0OTg5",
          "checksum": "575be6eb50ff1fbe9cff95abfa16a84d"
        },
        {
          "type": "renderModule",
          "assetId": "sNfr46nD9HFq",
          "checksum": "cf93f3d30e582121066098479181f6e8"
        },
        {
          "type": "cssRules",
          "assetId": "sNfr46nD9HFq",
          "checksum": "cf93f3d30e582121066098479181f6e8"
        },
        {
          "type": "renderModule",
          "assetId": "hRyqVT9WQfmC",
          "checksum": "1dcf707b84ccec5789462b903f896e34"
        },
        {
          "type": "cssRules",
          "assetId": "hRyqVT9WQfmC",
          "checksum": "1dcf707b84ccec5789462b903f896e34"
        },
        {
          "type": "renderModule",
          "assetId": "e8zOiCrNon7u",
          "checksum": "7a38c646ff4b989a96e85614ce4ce10f"
        },
        {
          "type": "cssRules",
          "assetId": "e8zOiCrNon7u",
          "checksum": "7a38c646ff4b989a96e85614ce4ce10f"
        },
        {
          "type": "renderModule",
          "assetId": "FpQmo9WWCXuP",
          "checksum": "d079321e19090f2a63dccd269e59301b"
        },
        {
          "type": "cssRules",
          "assetId": "FpQmo9WWCXuP",
          "checksum": "d079321e19090f2a63dccd269e59301b"
        },
        {
          "type": "renderModule",
          "assetId": "zGuwV71ONtgd",
          "checksum": "f861a8c1c93e07ebc0b0465f82fb7189"
        },
        {
          "type": "cssRules",
          "assetId": "zGuwV71ONtgd",
          "checksum": "f861a8c1c93e07ebc0b0465f82fb7189"
        },
        {
          "type": "renderModule",
          "assetId": "ePJK-Tfm7HNh",
          "checksum": "ae079fb543f31829a63bc9c20d01f825"
        },
        {
          "type": "cssRules",
          "assetId": "ePJK-Tfm7HNh",
          "checksum": "ae079fb543f31829a63bc9c20d01f825"
        },
        {
          "type": "renderModule",
          "assetId": "6b1K9fIjhteL",
          "checksum": "f99d8cae0e06b2eeb4be45b51c287bd7"
        },
        {
          "type": "cssRules",
          "assetId": "6b1K9fIjhteL",
          "checksum": "f99d8cae0e06b2eeb4be45b51c287bd7"
        },
        {
          "type": "renderModule",
          "assetId": "OmCUuhg8xIw8",
          "checksum": "408f7c2f174e4d7a4278337972f737e1"
        },
        {
          "type": "cssRules",
          "assetId": "OmCUuhg8xIw8",
          "checksum": "408f7c2f174e4d7a4278337972f737e1"
        },
        {
          "type": "renderModule",
          "assetId": "djr2w7tEP2w1",
          "checksum": "8be0150e78787e7a60c04ce14a9d97a0"
        },
        {
          "type": "cssRules",
          "assetId": "djr2w7tEP2w1",
          "checksum": "8be0150e78787e7a60c04ce14a9d97a0"
        },
        {
          "type": "renderModule",
          "assetId": "7HOIHmpuZwCJ",
          "checksum": "b637e6c595f27df5b24593b385cd7c52"
        },
        {
          "type": "cssRules",
          "assetId": "7HOIHmpuZwCJ",
          "checksum": "b637e6c595f27df5b24593b385cd7c52"
        },
        {
          "type": "renderModule",
          "assetId": "9H8S7bB1nF4C",
          "checksum": "c2697be159a5d0648bc3c25f686de8a1"
        },
        {
          "type": "cssRules",
          "assetId": "9H8S7bB1nF4C",
          "checksum": "c2697be159a5d0648bc3c25f686de8a1"
        },
        {
          "type": "renderModule",
          "assetId": "2PK-FoCRAbzn",
          "checksum": "da9a6d0425739f444fe5b5a63cddf0fd"
        },
        {
          "type": "cssRules",
          "assetId": "2PK-FoCRAbzn",
          "checksum": "da9a6d0425739f444fe5b5a63cddf0fd"
        },
        {
          "type": "renderModule",
          "assetId": "Ykz4Tj-eM9K_",
          "checksum": "155375aaa07e9eee158b6fc838d2cf79"
        },
        {
          "type": "cssRules",
          "assetId": "Ykz4Tj-eM9K_",
          "checksum": "155375aaa07e9eee158b6fc838d2cf79"
        },
        {
          "type": "icon",
          "assetId": "PzJSCtgKMf1Q",
          "checksum": "98ddaefaa1867ef7d8366135166d0be5"
        },
        {
          "type": "icon",
          "assetId": "tLjCuYmRzHWi",
          "checksum": "2a9d323b4b8d7beebada502f97055374"
        },
        {
          "type": "icon",
          "assetId": "xtxFVbwCzd_9",
          "checksum": "6494e72e009003b38a8fce884280cbd2"
        },
        {
          "assetId": "bE9NMB942w5e6uFrcCxfJN",
          "type": "projectCss",
          "checksum": "d68556c4ab14e7ca01632cb227e183ac"
        }
      ],
      "codegenVersion": "0.0.1"
    },
    {
      "projectId": "YUiM7yqBWAqsh8KSnrdj7",
      "version": "0.33.0",
      "dependencies": {},
      "lang": "ts",
      "fileLocks": [
        {
          "assetId": "YUiM7yqBWAqsh8KSnrdj7",
          "type": "projectCss",
          "checksum": "21b499a9da4edbc2266c72c2ba127787"
        }
      ],
      "codegenVersion": "0.0.1"
    },
    {
      "projectId": "kS7YGZfVr6mU43XDQjXELc",
      "version": "0.18.0",
      "dependencies": {},
      "lang": "ts",
      "fileLocks": [
        {
          "assetId": "kS7YGZfVr6mU43XDQjXELc",
          "type": "projectCss",
          "checksum": "1c02168c6b23256606111fdfdbb63549"
        }
      ],
      "codegenVersion": "0.0.1"
    },
    {
      "projectId": "ohDidvG9XsCeFumugENU3J",
      "version": "6.28.0",
      "dependencies": {},
      "lang": "ts",
      "fileLocks": [
        {
          "assetId": "ohDidvG9XsCeFumugENU3J",
          "checksum": "de0a0e65174a6a185a8f822af51c6bdd",
          "type": "globalContexts"
        },
        {
          "assetId": "ohDidvG9XsCeFumugENU3J",
          "type": "projectCss",
          "checksum": "ba2a60a163fca4f4d510275088a2be53"
        }
      ],
      "codegenVersion": "0.0.1"
    },
    {
      "projectId": "aEHVN5v6mfM4eovDsL8Z7d",
      "version": "0.4.0",
      "dependencies": {},
      "lang": "ts",
      "fileLocks": [
        {
          "assetId": "aEHVN5v6mfM4eovDsL8Z7d",
          "type": "projectCss",
          "checksum": "1c02168c6b23256606111fdfdbb63549"
        }
      ],
      "codegenVersion": "0.0.1"
    },
    {
      "projectId": "kpio2pzukKRJkKg6SSrKTe",
      "version": "0.2.0",
      "dependencies": {},
      "lang": "ts",
      "fileLocks": [
        {
          "assetId": "kpio2pzukKRJkKg6SSrKTe",
          "type": "projectCss",
          "checksum": "1c02168c6b23256606111fdfdbb63549"
        }
      ],
      "codegenVersion": "0.0.1"
    },
    {
      "projectId": "gmeH6XgPaBtkt51HunAo4g",
      "version": "18.9.0",
      "dependencies": {},
      "lang": "ts",
      "fileLocks": [
        {
          "assetId": "gmeH6XgPaBtkt51HunAo4g",
          "type": "projectCss",
          "checksum": "1c02168c6b23256606111fdfdbb63549"
        }
      ],
      "codegenVersion": "0.0.1"
    }
  ],
  "cliVersion": "0.1.330"
}
