{
  "projects": [
    {
      "projectId": "58GpZjZCWTaJ8AUhpCwt2K",
      "version": "3.28.0",
      "dependencies": {},
      "lang": "ts",
      "fileLocks": [
        {
          "assetId": "58GpZjZCWTaJ8AUhpCwt2K",
          "type": "projectCss",
          "checksum": "f0469e206244772473ab64f50be898f9"
        }
      ],
      "codegenVersion": "0.0.1"
    },
    {
      "projectId": "sqPBLwEBBKHA2WDuGb17eV",
      "version": "2.3.0",
      "dependencies": {},
      "lang": "ts",
      "fileLocks": [
        {
          "type": "renderModule",
          "assetId": "5nirPCGmCnRD",
          "checksum": "68085e068ca6b23be62b4a95ce376560"
        },
        {
          "type": "cssRules",
          "assetId": "5nirPCGmCnRD",
          "checksum": "68085e068ca6b23be62b4a95ce376560"
        },
        {
          "type": "icon",
          "assetId": "Wyt3GMMsLefj",
          "checksum": "d2b1886763aa016780501d0c22f50b5e"
        },
        {
          "type": "icon",
          "assetId": "MbDRsJU0e3bw",
          "checksum": "92672aa6935120ebaac11939d8d127bb"
        },
        {
          "assetId": "sqPBLwEBBKHA2WDuGb17eV",
          "type": "projectCss",
          "checksum": "1c02168c6b23256606111fdfdbb63549"
        }
      ],
      "codegenVersion": "0.0.1"
    },
    {
      "projectId": "qo5fwZT3vwQ9RjjQNWCz9z",
      "version": "0.1.1",
      "dependencies": {},
      "lang": "ts",
      "fileLocks": [
        {
          "type": "globalVariant",
          "assetId": "UR2cNUf8n9zB",
          "checksum": "583508a9b5fb0bbed20c43ef3f152351"
        },
        {
          "type": "renderModule",
          "assetId": "UrqY_XZuYhn2",
          "checksum": "451e871a504092e73e42cf999f1500a5"
        },
        {
          "type": "cssRules",
          "assetId": "UrqY_XZuYhn2",
          "checksum": "451e871a504092e73e42cf999f1500a5"
        },
        {
          "type": "renderModule",
          "assetId": "HtmgI6FLxY8D",
          "checksum": "2f9bebe05bae0e6a72ca5f6c2d4efb84"
        },
        {
          "type": "cssRules",
          "assetId": "HtmgI6FLxY8D",
          "checksum": "2f9bebe05bae0e6a72ca5f6c2d4efb84"
        },
        {
          "type": "icon",
          "assetId": "gHdrY9EQWnWc",
          "checksum": "b09d661ae342ac3e1d578cb34edb44ad"
        },
        {
          "type": "icon",
          "assetId": "ixZ_jQZifzLu",
          "checksum": "3cd83dbe0fe21f0153160434760bf353"
        },
        {
          "assetId": "qo5fwZT3vwQ9RjjQNWCz9z",
          "type": "projectCss",
          "checksum": "54d2904cc593f0b8375646b9d7ea3e63"
        }
      ],
      "codegenVersion": "0.0.1"
    },
    {
      "projectId": "caTPwKxj5ZrD9LQ7DMdK4Z",
      "version": "3.40.0",
      "dependencies": {},
      "lang": "ts",
      "fileLocks": [
        {
          "assetId": "caTPwKxj5ZrD9LQ7DMdK4Z",
          "type": "projectCss",
          "checksum": "1c02168c6b23256606111fdfdbb63549"
        }
      ],
      "codegenVersion": "0.0.1"
    },
    {
      "projectId": "bE9NMB942w5e6uFrcCxfJN",
      "version": "latest",
      "dependencies": {
        "caTPwKxj5ZrD9LQ7DMdK4Z": "3.40.0",
        "qo5fwZT3vwQ9RjjQNWCz9z": "0.1.1",
        "sqPBLwEBBKHA2WDuGb17eV": "2.3.0",
        "58GpZjZCWTaJ8AUhpCwt2K": "3.28.0",
        "YUiM7yqBWAqsh8KSnrdj7": "0.33.0",
        "kS7YGZfVr6mU43XDQjXELc": "0.18.0",
        "ohDidvG9XsCeFumugENU3J": "6.28.0",
        "aEHVN5v6mfM4eovDsL8Z7d": "0.4.0",
        "kpio2pzukKRJkKg6SSrKTe": "0.2.0",
        "tGFFjizqpBh1JPEqzUQxjY": "0.0.3",
        "9yPKYrtYPnCNEj6BTTfHnY": "1.0.4",
        "9UibdRruyX43DxnB8Q1QXF": "0.4.0",
        "6HBcNwr8dz9LuS1Qe36xa5": "0.2.2",
        "oBJtsp5RgVpcN6KCrDTuQT": "1.4.0"
      },
      "lang": "ts",
      "fileLocks": [
        {
          "type": "globalVariant",
          "assetId": "b8yurXS4fhCE",
          "checksum": "8b20ed28c3243397d94b631cd524d566"
        },
        {
          "assetId": "bE9NMB942w5e6uFrcCxfJN",
          "checksum": "49d6fe272b43deab6c4da2ee068a8959",
          "type": "globalContexts"
        },
        {
          "type": "renderModule",
          "assetId": "LDPTNOmbf3qw",
          "checksum": "50c666c716c9102dc123e619b3bb2e3e"
        },
        {
          "type": "cssRules",
          "assetId": "LDPTNOmbf3qw",
          "checksum": "50c666c716c9102dc123e619b3bb2e3e"
        },
        {
          "type": "renderModule",
          "assetId": "gnuET5DaB7nZ",
          "checksum": "27ee9a0e62cc1272cad0751e7fbc89ce"
        },
        {
          "type": "cssRules",
          "assetId": "gnuET5DaB7nZ",
          "checksum": "27ee9a0e62cc1272cad0751e7fbc89ce"
        },
        {
          "type": "renderModule",
          "assetId": "--2NgNurn2Jg",
          "checksum": "91928fea30b04ce0719426661c63d336"
        },
        {
          "type": "cssRules",
          "assetId": "--2NgNurn2Jg",
          "checksum": "91928fea30b04ce0719426661c63d336"
        },
        {
          "type": "renderModule",
          "assetId": "cH6HwN-ss2es",
          "checksum": "16ab38bce3371d3edf663dcdb9832ca2"
        },
        {
          "type": "cssRules",
          "assetId": "cH6HwN-ss2es",
          "checksum": "16ab38bce3371d3edf663dcdb9832ca2"
        },
        {
          "type": "renderModule",
          "assetId": "MyB9Z6LW5k5y",
          "checksum": "9be6bf9c8b7d6f5e4f094b4120e69ef5"
        },
        {
          "type": "cssRules",
          "assetId": "MyB9Z6LW5k5y",
          "checksum": "9be6bf9c8b7d6f5e4f094b4120e69ef5"
        },
        {
          "type": "renderModule",
          "assetId": "07VZfuNk1JDL",
          "checksum": "d48a03292fbe85381100955f1ab71532"
        },
        {
          "type": "cssRules",
          "assetId": "07VZfuNk1JDL",
          "checksum": "d48a03292fbe85381100955f1ab71532"
        },
        {
          "type": "icon",
          "assetId": "VepSFu0Y3Pyk",
          "checksum": "90b3bc5da036c40421ddc0c303b8d64d"
        },
        {
          "type": "icon",
          "assetId": "CmW94FEF71d7",
          "checksum": "46f260fc1b008ee46873fee88389d4d2"
        },
        {
          "type": "icon",
          "assetId": "iYZxMqrkbIkm",
          "checksum": "391eb1b883d2b0a27fbb982348c69ce8"
        },
        {
          "type": "icon",
          "assetId": "dF9hk944lHvi",
          "checksum": "2e57ae0d9c149d509feb2641184d345b"
        },
        {
          "type": "icon",
          "assetId": "LIQmGMX0UEc0",
          "checksum": "8bc5a60f41831742e6080220e5e04f9d"
        },
        {
          "type": "icon",
          "assetId": "9cwvqG5olU4z",
          "checksum": "fb4463a89027d71fdf6fba3fe31acc0c"
        },
        {
          "type": "icon",
          "assetId": "RamIlmfTkjsZ",
          "checksum": "1ce6d82830040db075ee880cb974a51c"
        },
        {
          "type": "icon",
          "assetId": "FpWLFnL7lx5K",
          "checksum": "1ca5b149297c086e8a09e144faca77ef"
        },
        {
          "type": "icon",
          "assetId": "1XPNabWn6mUI",
          "checksum": "acdae3ba7dd3f187d935828895d893ea"
        },
        {
          "type": "icon",
          "assetId": "lYMiBDxqu5ly",
          "checksum": "1a2e9f3df9b1ffaeb78d4291daa75622"
        },
        {
          "type": "icon",
          "assetId": "ly5Yl8idG7m1",
          "checksum": "9ab20c422068366f8ad21aab449cc11d"
        },
        {
          "type": "icon",
          "assetId": "K32KEzM7rb5X",
          "checksum": "afee664d6aebfac60ad795c00b6ac5cf"
        },
        {
          "type": "icon",
          "assetId": "P7EoCkcSNwJa",
          "checksum": "f370171fbf88bc71acab083ce98c4a4f"
        },
        {
          "type": "icon",
          "assetId": "uNpsRe8HBlEO",
          "checksum": "9e197452e534ff924f9958e2520dba26"
        },
        {
          "type": "icon",
          "assetId": "SeV8a-Sb0Haa",
          "checksum": "8a0159b7edfa0e6a8415503fe7401df8"
        },
        {
          "type": "renderModule",
          "assetId": "95NoFP37q3yQ",
          "checksum": "e893bbda111ef646399d7a79a7b08811"
        },
        {
          "type": "cssRules",
          "assetId": "95NoFP37q3yQ",
          "checksum": "e893bbda111ef646399d7a79a7b08811"
        },
        {
          "type": "renderModule",
          "assetId": "KTPu1eZupEdG",
          "checksum": "4f0ee1d84692531826e4017401451550"
        },
        {
          "type": "cssRules",
          "assetId": "KTPu1eZupEdG",
          "checksum": "4f0ee1d84692531826e4017401451550"
        },
        {
          "type": "renderModule",
          "assetId": "-UcPqMSXVAGv",
          "checksum": "a0ffc21620582889b56e5e53fec4649d"
        },
        {
          "type": "cssRules",
          "assetId": "-UcPqMSXVAGv",
          "checksum": "a0ffc21620582889b56e5e53fec4649d"
        },
        {
          "type": "renderModule",
          "assetId": "73TqujunaOu5",
          "checksum": "2d0467a68b5ee6d4c3b61ed7647f0536"
        },
        {
          "type": "cssRules",
          "assetId": "73TqujunaOu5",
          "checksum": "2d0467a68b5ee6d4c3b61ed7647f0536"
        },
        {
          "type": "icon",
          "assetId": "tJKcseI-1vrI",
          "checksum": "810749d63dbb4c6728e8f592ca87758d"
        },
        {
          "type": "icon",
          "assetId": "rQsx35tf_bcf",
          "checksum": "7e05a7ec7f6ef10be1345a7ebc5e1796"
        },
        {
          "type": "icon",
          "assetId": "zU9ql4OiZyfC",
          "checksum": "7761f34d7088e9306535a273f18263a2"
        },
        {
          "type": "renderModule",
          "assetId": "YY41SIghQUgw",
          "checksum": "8a37792f2c829d93a57bb66cb2a7b1fa"
        },
        {
          "type": "cssRules",
          "assetId": "YY41SIghQUgw",
          "checksum": "8a37792f2c829d93a57bb66cb2a7b1fa"
        },
        {
          "type": "renderModule",
          "assetId": "nAbrCePpa8PZ",
          "checksum": "df1391f05c9f1df3e526ad88b0f199bd"
        },
        {
          "type": "cssRules",
          "assetId": "nAbrCePpa8PZ",
          "checksum": "df1391f05c9f1df3e526ad88b0f199bd"
        },
        {
          "type": "icon",
          "assetId": "t3gBl-ZhsAb2",
          "checksum": "f0973520ae4beadecffdd708a7934cf2"
        },
        {
          "type": "renderModule",
          "assetId": "IdTcu_EF7CVl",
          "checksum": "9d1a8f64da0c334c0dd0274a0e52d8ad"
        },
        {
          "type": "cssRules",
          "assetId": "IdTcu_EF7CVl",
          "checksum": "9d1a8f64da0c334c0dd0274a0e52d8ad"
        },
        {
          "type": "icon",
          "assetId": "1FObiVFN1kNa",
          "checksum": "47dca5900dec3ed5d96960ee1a94c980"
        },
        {
          "type": "renderModule",
          "assetId": "7ri-iU6uUwQF",
          "checksum": "b0f257e21fc7605269b94ab079710246"
        },
        {
          "type": "cssRules",
          "assetId": "7ri-iU6uUwQF",
          "checksum": "b0f257e21fc7605269b94ab079710246"
        },
        {
          "type": "renderModule",
          "assetId": "_T6T2fNvkUfo",
          "checksum": "71771228f4d8d180c365f84b9e43a1b9"
        },
        {
          "type": "cssRules",
          "assetId": "_T6T2fNvkUfo",
          "checksum": "71771228f4d8d180c365f84b9e43a1b9"
        },
        {
          "type": "icon",
          "assetId": "09kUgGvbipjq",
          "checksum": "b08c28819015d5936d1895d2813d6231"
        },
        {
          "type": "renderModule",
          "assetId": "ve2FygUyzJYe",
          "checksum": "5f36a6d54171e0c8803d72862d20ba9b"
        },
        {
          "type": "cssRules",
          "assetId": "ve2FygUyzJYe",
          "checksum": "5f36a6d54171e0c8803d72862d20ba9b"
        },
        {
          "type": "icon",
          "assetId": "B2THoaAEIn8y",
          "checksum": "f9f07ad26d08dd19d1cb0d1f0c12dcaf"
        },
        {
          "type": "renderModule",
          "assetId": "N2XFsVyv799E",
          "checksum": "d900857bbfbabdfe74b11fb8e4106beb"
        },
        {
          "type": "cssRules",
          "assetId": "N2XFsVyv799E",
          "checksum": "d900857bbfbabdfe74b11fb8e4106beb"
        },
        {
          "type": "image",
          "assetId": "8rIy3Z8cms8n",
          "checksum": "f05d2f8d51a33fc879a9b723e16a7348"
        },
        {
          "type": "renderModule",
          "assetId": "LnjnULqptihc",
          "checksum": "43bc4369673663dbf89e56533e0797aa"
        },
        {
          "type": "cssRules",
          "assetId": "LnjnULqptihc",
          "checksum": "43bc4369673663dbf89e56533e0797aa"
        },
        {
          "type": "renderModule",
          "assetId": "H16Cvh_Kg1CW",
          "checksum": "4eafce9d99dc061fc006c6c77bf08da1"
        },
        {
          "type": "cssRules",
          "assetId": "H16Cvh_Kg1CW",
          "checksum": "4eafce9d99dc061fc006c6c77bf08da1"
        },
        {
          "type": "icon",
          "assetId": "UuDHOUXMn1lI",
          "checksum": "5c7790d2df96c1b56f9065aad7b31cbe"
        },
        {
          "type": "icon",
          "assetId": "TGgY6td-PfjR",
          "checksum": "5a3f9a0b629a9ed09305526839377c26"
        },
        {
          "type": "icon",
          "assetId": "WZWdkuuTy9hb",
          "checksum": "ed0df5ad10fe28bf82b9b54e0ff42b59"
        },
        {
          "type": "renderModule",
          "assetId": "YGfSBi-EmSgY",
          "checksum": "603e45a1c87776303d3a54f332960a8b"
        },
        {
          "type": "cssRules",
          "assetId": "YGfSBi-EmSgY",
          "checksum": "603e45a1c87776303d3a54f332960a8b"
        },
        {
          "type": "icon",
          "assetId": "3P4kCztjZFA7",
          "checksum": "24385621b798aab5e9bb1841e58ca559"
        },
        {
          "type": "renderModule",
          "assetId": "hhjL63F0Jui4",
          "checksum": "5f4f01cd726d75b11cb2c011660dffdc"
        },
        {
          "type": "cssRules",
          "assetId": "hhjL63F0Jui4",
          "checksum": "5f4f01cd726d75b11cb2c011660dffdc"
        },
        {
          "type": "icon",
          "assetId": "AGSEC-pNDNUM",
          "checksum": "f312c327ec1c0371a275e90413f519e5"
        },
        {
          "type": "renderModule",
          "assetId": "S7QID4Zn_0WI",
          "checksum": "986a68ca47ea1ff86ff78427c2e539d3"
        },
        {
          "type": "cssRules",
          "assetId": "S7QID4Zn_0WI",
          "checksum": "986a68ca47ea1ff86ff78427c2e539d3"
        },
        {
          "type": "icon",
          "assetId": "1pURnLijkTh9",
          "checksum": "82f850cde67f836ff5d6a5aa8611bd26"
        },
        {
          "type": "icon",
          "assetId": "0E0-Td2sxrpd",
          "checksum": "cec60aa39fb89e93ec5dcf3481a36cbc"
        },
        {
          "type": "renderModule",
          "assetId": "ANnvdUMqEs3c",
          "checksum": "a1ef083ca2a322bc2bb00ed09da5a07d"
        },
        {
          "type": "cssRules",
          "assetId": "ANnvdUMqEs3c",
          "checksum": "a1ef083ca2a322bc2bb00ed09da5a07d"
        },
        {
          "type": "icon",
          "assetId": "7b-w8FIbuA3A",
          "checksum": "5ca6752125e6595a6c7e14f8c3f4913c"
        },
        {
          "type": "icon",
          "assetId": "KuhYrsUGl66d",
          "checksum": "665210c123990e5b98de5f589a052269"
        },
        {
          "type": "image",
          "assetId": "QnxgCqfwPnDr",
          "checksum": "662f366109f5237d1afe7ed7793f4233"
        },
        {
          "type": "image",
          "assetId": "C-gV90uoE2h8",
          "checksum": "f0296935d60ab5e786055c30af1381e8"
        },
        {
          "type": "image",
          "assetId": "WFTzjoUaEu4T",
          "checksum": "06ce575ee4251e0c260c33982fae1b9a"
        },
        {
          "type": "renderModule",
          "assetId": "ReIV2oHalt4i",
          "checksum": "b9ed3ea569a446a52e781a03db92d1ee"
        },
        {
          "type": "cssRules",
          "assetId": "ReIV2oHalt4i",
          "checksum": "b9ed3ea569a446a52e781a03db92d1ee"
        },
        {
          "type": "renderModule",
          "assetId": "Z-FbG4zvwWLi",
          "checksum": "99afbba821d09c138f586196d1ba2f35"
        },
        {
          "type": "cssRules",
          "assetId": "Z-FbG4zvwWLi",
          "checksum": "99afbba821d09c138f586196d1ba2f35"
        },
        {
          "type": "icon",
          "assetId": "8lcONCwJAEsj",
          "checksum": "2961e52e43536261b632490594cc4fb0"
        },
        {
          "type": "icon",
          "assetId": "0l8GqiEmlVdS",
          "checksum": "600100cc133340463e55fcc8a6bb95bb"
        },
        {
          "type": "icon",
          "assetId": "DA7lxrRNWpy_",
          "checksum": "69684c4ea471d768c5ced62406b27f29"
        },
        {
          "type": "renderModule",
          "assetId": "s-bU96RB6OEn",
          "checksum": "709ff195038e56d46d19d3d18608750e"
        },
        {
          "type": "cssRules",
          "assetId": "s-bU96RB6OEn",
          "checksum": "709ff195038e56d46d19d3d18608750e"
        },
        {
          "type": "renderModule",
          "assetId": "sC3KMwrCbbRF",
          "checksum": "ff36462707e3bb58024277824796fc81"
        },
        {
          "type": "cssRules",
          "assetId": "sC3KMwrCbbRF",
          "checksum": "ff36462707e3bb58024277824796fc81"
        },
        {
          "type": "renderModule",
          "assetId": "6oW4dozQm6Fz",
          "checksum": "fd4c1606c8029f456732d6866b1f48e8"
        },
        {
          "type": "cssRules",
          "assetId": "6oW4dozQm6Fz",
          "checksum": "fd4c1606c8029f456732d6866b1f48e8"
        },
        {
          "type": "renderModule",
          "assetId": "Lz0b_UNWfR91",
          "checksum": "e7513cfc85e2d6fbac2acd0ccbd3d85d"
        },
        {
          "type": "cssRules",
          "assetId": "Lz0b_UNWfR91",
          "checksum": "e7513cfc85e2d6fbac2acd0ccbd3d85d"
        },
        {
          "type": "renderModule",
          "assetId": "TuJx6gm0OTg5",
          "checksum": "02f7ba69e47bab4172da6243980e1575"
        },
        {
          "type": "cssRules",
          "assetId": "TuJx6gm0OTg5",
          "checksum": "02f7ba69e47bab4172da6243980e1575"
        },
        {
          "type": "renderModule",
          "assetId": "sNfr46nD9HFq",
          "checksum": "4043b48801dfe5bb45dd7b0d2270dbc7"
        },
        {
          "type": "cssRules",
          "assetId": "sNfr46nD9HFq",
          "checksum": "4043b48801dfe5bb45dd7b0d2270dbc7"
        },
        {
          "type": "renderModule",
          "assetId": "hRyqVT9WQfmC",
          "checksum": "c8900b7fe9ab3876e003bb63445fcdb8"
        },
        {
          "type": "cssRules",
          "assetId": "hRyqVT9WQfmC",
          "checksum": "c8900b7fe9ab3876e003bb63445fcdb8"
        },
        {
          "type": "renderModule",
          "assetId": "e8zOiCrNon7u",
          "checksum": "287ae826eb1d5f357953a1b750b39549"
        },
        {
          "type": "cssRules",
          "assetId": "e8zOiCrNon7u",
          "checksum": "287ae826eb1d5f357953a1b750b39549"
        },
        {
          "type": "renderModule",
          "assetId": "FpQmo9WWCXuP",
          "checksum": "cfbdcfbec9bbc96c9c85ade98b8c71b5"
        },
        {
          "type": "cssRules",
          "assetId": "FpQmo9WWCXuP",
          "checksum": "cfbdcfbec9bbc96c9c85ade98b8c71b5"
        },
        {
          "type": "renderModule",
          "assetId": "zGuwV71ONtgd",
          "checksum": "936f8db7d4d086b9985e450c51a7ad38"
        },
        {
          "type": "cssRules",
          "assetId": "zGuwV71ONtgd",
          "checksum": "936f8db7d4d086b9985e450c51a7ad38"
        },
        {
          "type": "renderModule",
          "assetId": "ePJK-Tfm7HNh",
          "checksum": "3e87313d9616a2bb38eb9cfcf9f8a303"
        },
        {
          "type": "cssRules",
          "assetId": "ePJK-Tfm7HNh",
          "checksum": "3e87313d9616a2bb38eb9cfcf9f8a303"
        },
        {
          "type": "renderModule",
          "assetId": "6b1K9fIjhteL",
          "checksum": "a188acf5504b44912ff88f1fb31f35e7"
        },
        {
          "type": "cssRules",
          "assetId": "6b1K9fIjhteL",
          "checksum": "a188acf5504b44912ff88f1fb31f35e7"
        },
        {
          "type": "renderModule",
          "assetId": "OmCUuhg8xIw8",
          "checksum": "414e56f7a1aaa4a016b48e98353c62ce"
        },
        {
          "type": "cssRules",
          "assetId": "OmCUuhg8xIw8",
          "checksum": "414e56f7a1aaa4a016b48e98353c62ce"
        },
        {
          "type": "renderModule",
          "assetId": "djr2w7tEP2w1",
          "checksum": "00aa4eaaa105a4527b61d03d95385534"
        },
        {
          "type": "cssRules",
          "assetId": "djr2w7tEP2w1",
          "checksum": "00aa4eaaa105a4527b61d03d95385534"
        },
        {
          "type": "renderModule",
          "assetId": "7HOIHmpuZwCJ",
          "checksum": "ea17234ad3dab80299cc09355e4bab61"
        },
        {
          "type": "cssRules",
          "assetId": "7HOIHmpuZwCJ",
          "checksum": "ea17234ad3dab80299cc09355e4bab61"
        },
        {
          "type": "renderModule",
          "assetId": "9H8S7bB1nF4C",
          "checksum": "1e1f108d3bb762039f58fc27ac1e022b"
        },
        {
          "type": "cssRules",
          "assetId": "9H8S7bB1nF4C",
          "checksum": "1e1f108d3bb762039f58fc27ac1e022b"
        },
        {
          "type": "renderModule",
          "assetId": "2PK-FoCRAbzn",
          "checksum": "45e05dcd2ecad95ff82c3ae0e5a1ce11"
        },
        {
          "type": "cssRules",
          "assetId": "2PK-FoCRAbzn",
          "checksum": "45e05dcd2ecad95ff82c3ae0e5a1ce11"
        },
        {
          "type": "renderModule",
          "assetId": "Ykz4Tj-eM9K_",
          "checksum": "a1cb2ee660a134b34d1ed77d53ea760d"
        },
        {
          "type": "cssRules",
          "assetId": "Ykz4Tj-eM9K_",
          "checksum": "a1cb2ee660a134b34d1ed77d53ea760d"
        },
        {
          "type": "icon",
          "assetId": "PzJSCtgKMf1Q",
          "checksum": "98ddaefaa1867ef7d8366135166d0be5"
        },
        {
          "type": "icon",
          "assetId": "tLjCuYmRzHWi",
          "checksum": "2a9d323b4b8d7beebada502f97055374"
        },
        {
          "type": "icon",
          "assetId": "xtxFVbwCzd_9",
          "checksum": "6494e72e009003b38a8fce884280cbd2"
        },
        {
          "type": "renderModule",
          "assetId": "WWLxyRO9gQ0w",
          "checksum": "6c5c28341cf186761b840556f0d58747"
        },
        {
          "type": "cssRules",
          "assetId": "WWLxyRO9gQ0w",
          "checksum": "6c5c28341cf186761b840556f0d58747"
        },
        {
          "type": "image",
          "assetId": "nH6Sm4sV9CY8",
          "checksum": "cc00895c58157543aa9afada860ed037"
        },
        {
          "type": "image",
          "assetId": "Fkkt6KPDSbof",
          "checksum": "475f4b043229b4aa01f4bf17a37aa01e"
        },
        {
          "type": "icon",
          "assetId": "lj0OYAqPaiqC",
          "checksum": "74ef2847eefb4b08562c0e6ce9b3b00a"
        },
        {
          "assetId": "bE9NMB942w5e6uFrcCxfJN",
          "type": "projectCss",
          "checksum": "fe6a055dfd084c2263f83582042e8616"
        },
        {
          "type": "renderModule",
          "assetId": "REDHmYlWVnvR",
          "checksum": "b338768a8da7bd34b46461358244d55e"
        },
        {
          "type": "cssRules",
          "assetId": "REDHmYlWVnvR",
          "checksum": "b338768a8da7bd34b46461358244d55e"
        }
      ],
      "codegenVersion": "0.0.1"
    },
    {
      "projectId": "YUiM7yqBWAqsh8KSnrdj7",
      "version": "0.33.0",
      "dependencies": {},
      "lang": "ts",
      "fileLocks": [
        {
          "assetId": "YUiM7yqBWAqsh8KSnrdj7",
          "type": "projectCss",
          "checksum": "21b499a9da4edbc2266c72c2ba127787"
        }
      ],
      "codegenVersion": "0.0.1"
    },
    {
      "projectId": "kS7YGZfVr6mU43XDQjXELc",
      "version": "0.18.0",
      "dependencies": {},
      "lang": "ts",
      "fileLocks": [
        {
          "assetId": "kS7YGZfVr6mU43XDQjXELc",
          "type": "projectCss",
          "checksum": "1c02168c6b23256606111fdfdbb63549"
        }
      ],
      "codegenVersion": "0.0.1"
    },
    {
      "projectId": "ohDidvG9XsCeFumugENU3J",
      "version": "6.28.0",
      "dependencies": {},
      "lang": "ts",
      "fileLocks": [
        {
          "assetId": "ohDidvG9XsCeFumugENU3J",
          "checksum": "de0a0e65174a6a185a8f822af51c6bdd",
          "type": "globalContexts"
        },
        {
          "assetId": "ohDidvG9XsCeFumugENU3J",
          "type": "projectCss",
          "checksum": "ba2a60a163fca4f4d510275088a2be53"
        }
      ],
      "codegenVersion": "0.0.1"
    },
    {
      "projectId": "aEHVN5v6mfM4eovDsL8Z7d",
      "version": "0.4.0",
      "dependencies": {},
      "lang": "ts",
      "fileLocks": [
        {
          "assetId": "aEHVN5v6mfM4eovDsL8Z7d",
          "type": "projectCss",
          "checksum": "1c02168c6b23256606111fdfdbb63549"
        }
      ],
      "codegenVersion": "0.0.1"
    },
    {
      "projectId": "kpio2pzukKRJkKg6SSrKTe",
      "version": "0.2.0",
      "dependencies": {},
      "lang": "ts",
      "fileLocks": [
        {
          "assetId": "kpio2pzukKRJkKg6SSrKTe",
          "type": "projectCss",
          "checksum": "1c02168c6b23256606111fdfdbb63549"
        }
      ],
      "codegenVersion": "0.0.1"
    },
    {
      "projectId": "gmeH6XgPaBtkt51HunAo4g",
      "version": "18.9.0",
      "dependencies": {},
      "lang": "ts",
      "fileLocks": [
        {
          "assetId": "gmeH6XgPaBtkt51HunAo4g",
          "type": "projectCss",
          "checksum": "1c02168c6b23256606111fdfdbb63549"
        }
      ],
      "codegenVersion": "0.0.1"
    },
    {
      "projectId": "tGFFjizqpBh1JPEqzUQxjY",
      "version": "0.0.3",
      "dependencies": {},
      "lang": "ts",
      "fileLocks": [
        {
          "type": "globalVariant",
          "assetId": "0Lb8naKT99JC",
          "checksum": "e1a9d60e7bffdafe2fda09e408c3ee55"
        },
        {
          "type": "renderModule",
          "assetId": "F6FdGjFt2-9F",
          "checksum": "ee85435c4a7b3a60b4914a0008bfcb4a"
        },
        {
          "type": "cssRules",
          "assetId": "F6FdGjFt2-9F",
          "checksum": "ee85435c4a7b3a60b4914a0008bfcb4a"
        },
        {
          "assetId": "tGFFjizqpBh1JPEqzUQxjY",
          "type": "projectCss",
          "checksum": "82c3b6ae98c1e98f7039d7ffa9a9d682"
        }
      ],
      "codegenVersion": "0.0.1"
    },
    {
      "projectId": "9UibdRruyX43DxnB8Q1QXF",
      "version": "0.4.0",
      "dependencies": {},
      "lang": "ts",
      "fileLocks": [
        {
          "assetId": "9UibdRruyX43DxnB8Q1QXF",
          "type": "projectCss",
          "checksum": "1c02168c6b23256606111fdfdbb63549"
        }
      ],
      "codegenVersion": "0.0.1"
    },
    {
      "projectId": "oBJtsp5RgVpcN6KCrDTuQT",
      "version": "1.4.0",
      "dependencies": {},
      "lang": "ts",
      "fileLocks": [
        {
          "type": "globalVariant",
          "assetId": "BR2UhI7ulpvR",
          "checksum": "7dd3451831976b3b7f87519b09a8229b"
        },
        {
          "assetId": "oBJtsp5RgVpcN6KCrDTuQT",
          "type": "projectCss",
          "checksum": "8626334f5b4fdf156ef887301591dae8"
        },
        {
          "type": "icon",
          "assetId": "rDjUqSUK3eUM",
          "checksum": "a2a89126e9d4f94588ec08b80e2c8776"
        },
        {
          "type": "icon",
          "assetId": "r9Upp9NbiZkf",
          "checksum": "9d7ea21cac7322ef537972a599933b4b"
        },
        {
          "type": "icon",
          "assetId": "GHdF3hS-oP_3",
          "checksum": "02d3dfd561a8ed207de1008227b92020"
        },
        {
          "type": "icon",
          "assetId": "YXreB8gS3SjV",
          "checksum": "db4f070d03de3f905832203c543bcf6e"
        },
        {
          "type": "icon",
          "assetId": "aC_QFogxt1Ko",
          "checksum": "6e77d7eb5046aa0048f78c884358c59e"
        },
        {
          "type": "icon",
          "assetId": "GRY2zHJ6uxOn",
          "checksum": "d4d7dbba341312aa2aa30a59a3e493d8"
        },
        {
          "type": "icon",
          "assetId": "jHvDymIOvRnf",
          "checksum": "5c4030efdc719735eb9121618caa758c"
        },
        {
          "type": "icon",
          "assetId": "9zdEG9CdGbdC",
          "checksum": "0ab2e03013acdec1e2ec83b11b0a6b57"
        },
        {
          "type": "icon",
          "assetId": "7Dhq6fgU-utK",
          "checksum": "1f529b3973759c146e5c7c64efaef136"
        },
        {
          "type": "icon",
          "assetId": "J8ozh55UiWsA",
          "checksum": "8cf489b7683ac894d2333453da59dc10"
        },
        {
          "type": "icon",
          "assetId": "rW7v27ONOoUe",
          "checksum": "7b2b5f99b7f8a3fd8aaf5115b1c6d860"
        },
        {
          "type": "icon",
          "assetId": "4D7uZNf6OjbV",
          "checksum": "28642b07ebd327ffa1555216f81e4308"
        },
        {
          "type": "icon",
          "assetId": "e2zWN9c_lxv7",
          "checksum": "659d5226e2d363ff32eafb9be685386a"
        },
        {
          "type": "icon",
          "assetId": "WTtCf_1I-uMv",
          "checksum": "f1fa51e41b9e49a6b1d3ca0b56281d40"
        },
        {
          "type": "icon",
          "assetId": "eZfYsLpdWQA_",
          "checksum": "ce3f91d32ce41403b62e05b3f85bdccf"
        },
        {
          "type": "icon",
          "assetId": "NSxX1Iy4jDVL",
          "checksum": "f7ee94acc93a902b0b574c48fd0cf1a7"
        },
        {
          "type": "icon",
          "assetId": "dmfb3Ga2IoVt",
          "checksum": "0e165f3b8ff96008a34fc1559c5c5ebd"
        },
        {
          "type": "icon",
          "assetId": "BamIPHX72k5k",
          "checksum": "c80da7c2ab88ccff285cd60ba43f378b"
        },
        {
          "type": "icon",
          "assetId": "zb1oqVXdrxPK",
          "checksum": "07ad9dc6c5e57a37b9af8c86a61bb6bf"
        },
        {
          "type": "icon",
          "assetId": "oob3UzcKBsd_",
          "checksum": "48b18a7d0f3c7534678907f308ebd125"
        },
        {
          "type": "icon",
          "assetId": "qxWwW7vbw7na",
          "checksum": "5020e76547cd1c8acc6eee036b77141c"
        },
        {
          "type": "icon",
          "assetId": "vu4uxcIH4gVk",
          "checksum": "bf653a827403b67d55ed0f4d3f5e3360"
        },
        {
          "type": "icon",
          "assetId": "0Ejs1gKiFp1s",
          "checksum": "3955ba1741d75d63e9abd01b1cf5c1c5"
        },
        {
          "type": "image",
          "assetId": "ijbf5URccsnE",
          "checksum": "871858b983feb6fdf32268fce7608bc6"
        }
      ],
      "codegenVersion": "0.0.1"
    },
    {
      "projectId": "6HBcNwr8dz9LuS1Qe36xa5",
      "version": "0.2.2",
      "dependencies": {
        "sqPBLwEBBKHA2WDuGb17eV": "2.3.0",
        "oBJtsp5RgVpcN6KCrDTuQT": "1.4.0",
        "caTPwKxj5ZrD9LQ7DMdK4Z": "3.40.0",
        "9UibdRruyX43DxnB8Q1QXF": "0.4.0"
      },
      "lang": "ts",
      "fileLocks": [
        {
          "type": "globalVariant",
          "assetId": "QiBUXNlixBgQ",
          "checksum": "1961b396729426ebe0a15881db53646c"
        },
        {
          "assetId": "6HBcNwr8dz9LuS1Qe36xa5",
          "type": "projectCss",
          "checksum": "d58bb9bbf0559ffd4d3397796f817f53"
        },
        {
          "type": "renderModule",
          "assetId": "zljt-TXjec48",
          "checksum": "27920026e4cd5164972e79f96dc3925c"
        },
        {
          "type": "cssRules",
          "assetId": "zljt-TXjec48",
          "checksum": "27920026e4cd5164972e79f96dc3925c"
        },
        {
          "type": "renderModule",
          "assetId": "YOhw5fIQJQgB",
          "checksum": "0e143465018c933d18e4c462822d07db"
        },
        {
          "type": "cssRules",
          "assetId": "YOhw5fIQJQgB",
          "checksum": "0e143465018c933d18e4c462822d07db"
        },
        {
          "type": "renderModule",
          "assetId": "ZGdhyEBPJSmH",
          "checksum": "623c8fd68ca8042f6033d92e38261d68"
        },
        {
          "type": "cssRules",
          "assetId": "ZGdhyEBPJSmH",
          "checksum": "623c8fd68ca8042f6033d92e38261d68"
        },
        {
          "type": "renderModule",
          "assetId": "df-BFL5jhiFc",
          "checksum": "aba3545183e5496d2ae963fa26ea2236"
        },
        {
          "type": "cssRules",
          "assetId": "df-BFL5jhiFc",
          "checksum": "aba3545183e5496d2ae963fa26ea2236"
        },
        {
          "type": "renderModule",
          "assetId": "xFfrwlkCaWS8",
          "checksum": "16301e35ed6ba60591dfc4899ce85edb"
        },
        {
          "type": "cssRules",
          "assetId": "xFfrwlkCaWS8",
          "checksum": "16301e35ed6ba60591dfc4899ce85edb"
        },
        {
          "type": "renderModule",
          "assetId": "5O8XqcSJJk6J",
          "checksum": "a2821ed4b3167066778de5b2ee251346"
        },
        {
          "type": "cssRules",
          "assetId": "5O8XqcSJJk6J",
          "checksum": "a2821ed4b3167066778de5b2ee251346"
        },
        {
          "type": "renderModule",
          "assetId": "l6VIhr1cb9Jb",
          "checksum": "683e46f927e6fe65441cba348196af11"
        },
        {
          "type": "cssRules",
          "assetId": "l6VIhr1cb9Jb",
          "checksum": "683e46f927e6fe65441cba348196af11"
        },
        {
          "type": "icon",
          "assetId": "K0KrVjcOVNaS",
          "checksum": "fb8ba23c5e5378c0fe225e4b42a3f489"
        },
        {
          "type": "icon",
          "assetId": "34E5G5rzRc3Y",
          "checksum": "d7ce74b00f2ded703c8dfe5cb25c9447"
        },
        {
          "type": "icon",
          "assetId": "JEIVIUvVwQk7",
          "checksum": "b93dd95774950be2f663239ec6352598"
        },
        {
          "type": "icon",
          "assetId": "EEdf86PDs5c6",
          "checksum": "e5ca51d9431bf020b1b3dfd9a637dc10"
        },
        {
          "type": "icon",
          "assetId": "rwy2JSXIoIh2",
          "checksum": "ca7010951c96b829218ca07caaf3ea1f"
        }
      ],
      "codegenVersion": "0.0.1"
    },
    {
      "projectId": "9yPKYrtYPnCNEj6BTTfHnY",
      "version": "1.0.4",
      "dependencies": {
        "caTPwKxj5ZrD9LQ7DMdK4Z": "3.40.0",
        "6HBcNwr8dz9LuS1Qe36xa5": "0.2.2",
        "oBJtsp5RgVpcN6KCrDTuQT": "1.4.0",
        "sqPBLwEBBKHA2WDuGb17eV": "2.3.0",
        "9UibdRruyX43DxnB8Q1QXF": "0.4.0"
      },
      "lang": "ts",
      "fileLocks": [
        {
          "type": "globalVariant",
          "assetId": "NlcKhjN_EH2L",
          "checksum": "710b2bd8cfa585ec768654a014812d03"
        },
        {
          "assetId": "9yPKYrtYPnCNEj6BTTfHnY",
          "type": "projectCss",
          "checksum": "9d0afafe44873a06f020e2b7c25800a9"
        },
        {
          "type": "renderModule",
          "assetId": "KS8cTh0gsgPl",
          "checksum": "1453fb0271f3bdd49301243b5d1f1650"
        },
        {
          "type": "cssRules",
          "assetId": "KS8cTh0gsgPl",
          "checksum": "1453fb0271f3bdd49301243b5d1f1650"
        },
        {
          "type": "renderModule",
          "assetId": "6gK09XfScFeD",
          "checksum": "31fe5e082701c594ebf301041a2069d8"
        },
        {
          "type": "cssRules",
          "assetId": "6gK09XfScFeD",
          "checksum": "31fe5e082701c594ebf301041a2069d8"
        },
        {
          "type": "renderModule",
          "assetId": "Us2coAfx-xTz",
          "checksum": "0d1b07f0d9582387580c43aa3fd3c821"
        },
        {
          "type": "cssRules",
          "assetId": "Us2coAfx-xTz",
          "checksum": "0d1b07f0d9582387580c43aa3fd3c821"
        },
        {
          "type": "icon",
          "assetId": "EpJsLqY0ZzKz",
          "checksum": "e8a25c9454cb9fed4562a115d595de30"
        }
      ],
      "codegenVersion": "0.0.1"
    }
  ],
  "cliVersion": "0.1.330"
}
